
Microsoft Visual Studio Solution File, Format Version 12.00
# Visual Studio Version 16
VisualStudioVersion = 25.0.1704.1
MinimumVisualStudioVersion = 10.0.40219.1
Project("{FAE04EC0-301F-11D3-BF4B-00C04F79EFBC}") = "pdpExam4", "pdpExam4.csproj", "{113A7D0F-0D8B-4D95-B2E7-30A376B13197}"
EndProject
Global
	GlobalSection(SolutionConfigurationPlatforms) = preSolution
		Debug|Any CPU = Debug|Any CPU
		Release|Any CPU = Release|Any CPU
	EndGlobalSection
	GlobalSection(ProjectConfigurationPlatforms) = postSolution
		{113A7D0F-0D8B-4D95-B2E7-30A376B13197}.Debug|Any CPU.ActiveCfg = Debug|Any CPU
		{113A7D0F-0D8B-4D95-B2E7-30A376B13197}.Debug|Any CPU.Build.0 = Debug|Any CPU
		{113A7D0F-0D8B-4D95-B2E7-30A376B13197}.Release|Any CPU.ActiveCfg = Release|Any CPU
		{113A7D0F-0D8B-4D95-B2E7-30A376B13197}.Release|Any CPU.Build.0 = Release|Any CPU
	EndGlobalSection
	GlobalSection(SolutionProperties) = preSolution
		HideSolutionNode = FALSE
	EndGlobalSection
	GlobalSection(ExtensibilityGlobals) = postSolution
		SolutionGuid = {702861AE-2589-41AE-8036-E147128FF73B}
	EndGlobalSection
EndGlobal
